Microsoft Visual Studio Solution File, Format Version 12.00
# Visual Studio Version 17
VisualStudioVersion = 17.5.2.0
MinimumVisualStudioVersion = 10.0.40219.1
Project("{FAE04EC0-301F-11D3-BF4B-00C04F79EFBC}") = "az-204-AKV", "az-204-AKV.csproj", "{DA5691AA-F6C1-BBFE-AFE0-F0203594F8A4}"
EndProject
Global
	GlobalSection(SolutionConfigurationPlatforms) = preSolution
		Debug|Any CPU = Debug|Any CPU
		Release|Any CPU = Release|Any CPU
	EndGlobalSection
	GlobalSection(ProjectConfigurationPlatforms) = postSolution
		{DA5691AA-F6C1-BBFE-AFE0-F0203594F8A4}.Debug|Any CPU.ActiveCfg = Debug|Any CPU
		{DA5691AA-F6C1-BBFE-AFE0-F0203594F8A4}.Debug|Any CPU.Build.0 = Debug|Any CPU
		{DA5691AA-F6C1-BBFE-AFE0-F0203594F8A4}.Release|Any CPU.ActiveCfg = Release|Any CPU
		{DA5691AA-F6C1-BBFE-AFE0-F0203594F8A4}.Release|Any CPU.Build.0 = Release|Any CPU
	EndGlobalSection
	GlobalSection(SolutionProperties) = preSolution
		HideSolutionNode = FALSE
	EndGlobalSection
	GlobalSection(ExtensibilityGlobals) = postSolution
		SolutionGuid = {D5827551-E0BC-48B8-99B8-9B02390F3DE2}
	EndGlobalSection
EndGlobal
